
Microsoft Visual Studio Solution File, Format Version 12.00
# Visual Studio 15
VisualStudioVersion = 15.0.27130.2010
MinimumVisualStudioVersion = 10.0.40219.1
Project("{FAE04EC0-301F-11D3-BF4B-00C04F79EFBC}") = "xsd2CSharp", "xsd2CSharp\xsd2CSharp.csproj", "{40711D1D-B5C5-466E-8081-DE6092D9A994}"
EndProject
Global
	GlobalSection(SolutionConfigurationPlatforms) = preSolution
		Debug|Any CPU = Debug|Any CPU
		Release|Any CPU = Release|Any CPU
	EndGlobalSection
	GlobalSection(ProjectConfigurationPlatforms) = postSolution
		{40711D1D-B5C5-466E-8081-DE6092D9A994}.Debug|Any CPU.ActiveCfg = Debug|Any CPU
		{40711D1D-B5C5-466E-8081-DE6092D9A994}.Debug|Any CPU.Build.0 = Debug|Any CPU
		{40711D1D-B5C5-466E-8081-DE6092D9A994}.Release|Any CPU.ActiveCfg = Release|Any CPU
		{40711D1D-B5C5-466E-8081-DE6092D9A994}.Release|Any CPU.Build.0 = Release|Any CPU
	EndGlobalSection
	GlobalSection(SolutionProperties) = preSolution
		HideSolutionNode = FALSE
	EndGlobalSection
	GlobalSection(ExtensibilityGlobals) = postSolution
		SolutionGuid = {F76D4E4A-47DE-4FC3-BAE7-2507EF3BA7FD}
	EndGlobalSection
EndGlobal
